
Microsoft Visual Studio Solution File, Format Version 12.00
# Visual Studio Version 17
VisualStudioVersion = 17.7.34003.232
MinimumVisualStudioVersion = 10.0.40219.1
Project("{FAE04EC0-301F-11D3-BF4B-00C04F79EFBC}") = "SDSS_API", "SDSS_API\SDSS_API.csproj", "{DD4C1FDE-F287-40BA-B120-2BE7C58B1B28}"
EndProject
Global
	GlobalSection(SolutionConfigurationPlatforms) = preSolution
		Debug|Any CPU = Debug|Any CPU
		Release|Any CPU = Release|Any CPU
	EndGlobalSection
	GlobalSection(ProjectConfigurationPlatforms) = postSolution
		{DD4C1FDE-F287-40BA-B120-2BE7C58B1B28}.Debug|Any CPU.ActiveCfg = Debug|Any CPU
		{DD4C1FDE-F287-40BA-B120-2BE7C58B1B28}.Debug|Any CPU.Build.0 = Debug|Any CPU
		{DD4C1FDE-F287-40BA-B120-2BE7C58B1B28}.Release|Any CPU.ActiveCfg = Release|Any CPU
		{DD4C1FDE-F287-40BA-B120-2BE7C58B1B28}.Release|Any CPU.Build.0 = Release|Any CPU
	EndGlobalSection
	GlobalSection(SolutionProperties) = preSolution
		HideSolutionNode = FALSE
	EndGlobalSection
	GlobalSection(ExtensibilityGlobals) = postSolution
		SolutionGuid = {EACA9F5B-3C28-474C-BBF0-A4DD2504ED89}
	EndGlobalSection
EndGlobal
